// !$*UTF8*$!
{
	archiveVersion = 1;
	classes = {
	};
	objectVersion = 56;
	objects = {

/* Begin PBXBuildFile section */
		F23C9D192B3AEB9E0007CE34 /* NewsStory.swift in Sources */ = {isa = PBXBuildFile; fileRef = F23C9D182B3AEB9E0007CE34 /* NewsStory.swift */; };
		F23C9D1D2B3AEC4F0007CE34 /* NewsStoriesView.swift in Sources */ = {isa = PBXBuildFile; fileRef = F23C9D1C2B3AEC4F0007CE34 /* NewsStoriesView.swift */; };
		F23C9D222B3B136C0007CE34 /* NewsStoriesHostingViewController.swift in Sources */ = {isa = PBXBuildFile; fileRef = F23C9D212B3B136C0007CE34 /* NewsStoriesHostingViewController.swift */; };
		F23C9D252B3B16E70007CE34 /* ComposableArchitecture in Frameworks */ = {isa = PBXBuildFile; productRef = F23C9D242B3B16E70007CE34 /* ComposableArchitecture */; };
		F2B88DDD2B0693DC00729AB7 /* AppDelegate.swift in Sources */ = {isa = PBXBuildFile; fileRef = F2B88DDC2B0693DC00729AB7 /* AppDelegate.swift */; };
		F2B88DDF2B0693DC00729AB7 /* SceneDelegate.swift in Sources */ = {isa = PBXBuildFile; fileRef = F2B88DDE2B0693DC00729AB7 /* SceneDelegate.swift */; };
		F2B88DE42B0693DC00729AB7 /* Main.storyboard in Resources */ = {isa = PBXBuildFile; fileRef = F2B88DE22B0693DC00729AB7 /* Main.storyboard */; };
		F2B88DE62B0693E100729AB7 /* Assets.xcassets in Resources */ = {isa = PBXBuildFile; fileRef = F2B88DE52B0693E100729AB7 /* Assets.xcassets */; };
		F2B88DE92B0693E100729AB7 /* LaunchScreen.storyboard in Resources */ = {isa = PBXBuildFile; fileRef = F2B88DE72B0693E100729AB7 /* LaunchScreen.storyboard */; };
		F2B88DF42B0693E100729AB7 /* god_projectTests.swift in Sources */ = {isa = PBXBuildFile; fileRef = F2B88DF32B0693E100729AB7 /* god_projectTests.swift */; };
		F2B88DFE2B0693E100729AB7 /* god_projectUITests.swift in Sources */ = {isa = PBXBuildFile; fileRef = F2B88DFD2B0693E100729AB7 /* god_projectUITests.swift */; };
		F2B88E002B0693E100729AB7 /* god_projectUITestsLaunchTests.swift in Sources */ = {isa = PBXBuildFile; fileRef = F2B88DFF2B0693E100729AB7 /* god_projectUITestsLaunchTests.swift */; };
		F2B88E0E2B06940B00729AB7 /* NetworkLayer.swift in Sources */ = {isa = PBXBuildFile; fileRef = F2B88E0D2B06940B00729AB7 /* NetworkLayer.swift */; };
		F2FCD1722B069DA8008340DA /* RequestProtocol.swift in Sources */ = {isa = PBXBuildFile; fileRef = F2FCD1712B069DA8008340DA /* RequestProtocol.swift */; };
		F2FCD1742B069DDE008340DA /* APIManagerProtocol.swift in Sources */ = {isa = PBXBuildFile; fileRef = F2FCD1732B069DDE008340DA /* APIManagerProtocol.swift */; };
		F2FCD1762B069F73008340DA /* RequestManager.swift in Sources */ = {isa = PBXBuildFile; fileRef = F2FCD1752B069F73008340DA /* RequestManager.swift */; };
/* End PBXBuildFile section */

/* Begin PBXContainerItemProxy section */
		F2B88DF02B0693E100729AB7 /* PBXContainerItemProxy */ = {
			isa = PBXContainerItemProxy;
			containerPortal = F2B88DD12B0693DC00729AB7 /* Project object */;
			proxyType = 1;
			remoteGlobalIDString = F2B88DD82B0693DC00729AB7;
			remoteInfo = god_project;
		};
		F2B88DFA2B0693E100729AB7 /* PBXContainerItemProxy */ = {
			isa = PBXContainerItemProxy;
			containerPortal = F2B88DD12B0693DC00729AB7 /* Project object */;
			proxyType = 1;
			remoteGlobalIDString = F2B88DD82B0693DC00729AB7;
			remoteInfo = god_project;
		};
/* End PBXContainerItemProxy section */

/* Begin PBXFileReference section */
		F23C9D182B3AEB9E0007CE34 /* NewsStory.swift */ = {isa = PBXFileReference; lastKnownFileType = sourcecode.swift; path = NewsStory.swift; sourceTree = "<group>"; };
		F23C9D1C2B3AEC4F0007CE34 /* NewsStoriesView.swift */ = {isa = PBXFileReference; lastKnownFileType = sourcecode.swift; path = NewsStoriesView.swift; sourceTree = "<group>"; };
		F23C9D212B3B136C0007CE34 /* NewsStoriesHostingViewController.swift */ = {isa = PBXFileReference; lastKnownFileType = sourcecode.swift; path = NewsStoriesHostingViewController.swift; sourceTree = "<group>"; };
		F2B88DD92B0693DC00729AB7 /* god_project.app */ = {isa = PBXFileReference; explicitFileType = wrapper.application; includeInIndex = 0; path = god_project.app; sourceTree = BUILT_PRODUCTS_DIR; };
		F2B88DDC2B0693DC00729AB7 /* AppDelegate.swift */ = {isa = PBXFileReference; lastKnownFileType = sourcecode.swift; path = AppDelegate.swift; sourceTree = "<group>"; };
		F2B88DDE2B0693DC00729AB7 /* SceneDelegate.swift */ = {isa = PBXFileReference; lastKnownFileType = sourcecode.swift; path = SceneDelegate.swift; sourceTree = "<group>"; };
		F2B88DE32B0693DC00729AB7 /* Base */ = {isa = PBXFileReference; lastKnownFileType = file.storyboard; name = Base; path = Base.lproj/Main.storyboard; sourceTree = "<group>"; };
		F2B88DE52B0693E100729AB7 /* Assets.xcassets */ = {isa = PBXFileReference; lastKnownFileType = folder.assetcatalog; path = Assets.xcassets; sourceTree = "<group>"; };
		F2B88DE82B0693E100729AB7 /* Base */ = {isa = PBXFileReference; lastKnownFileType = file.storyboard; name = Base; path = Base.lproj/LaunchScreen.storyboard; sourceTree = "<group>"; };
		F2B88DEA2B0693E100729AB7 /* Info.plist */ = {isa = PBXFileReference; lastKnownFileType = text.plist.xml; path = Info.plist; sourceTree = "<group>"; };
		F2B88DEF2B0693E100729AB7 /* god_projectTests.xctest */ = {isa = PBXFileReference; explicitFileType = wrapper.cfbundle; includeInIndex = 0; path = god_projectTests.xctest; sourceTree = BUILT_PRODUCTS_DIR; };
		F2B88DF32B0693E100729AB7 /* god_projectTests.swift */ = {isa = PBXFileReference; lastKnownFileType = sourcecode.swift; path = god_projectTests.swift; sourceTree = "<group>"; };
		F2B88DF92B0693E100729AB7 /* god_projectUITests.xctest */ = {isa = PBXFileReference; explicitFileType = wrapper.cfbundle; includeInIndex = 0; path = god_projectUITests.xctest; sourceTree = BUILT_PRODUCTS_DIR; };
		F2B88DFD2B0693E100729AB7 /* god_projectUITests.swift */ = {isa = PBXFileReference; lastKnownFileType = sourcecode.swift; path = god_projectUITests.swift; sourceTree = "<group>"; };
		F2B88DFF2B0693E100729AB7 /* god_projectUITestsLaunchTests.swift */ = {isa = PBXFileReference; lastKnownFileType = sourcecode.swift; path = god_projectUITestsLaunchTests.swift; sourceTree = "<group>"; };
		F2B88E0D2B06940B00729AB7 /* NetworkLayer.swift */ = {isa = PBXFileReference; lastKnownFileType = sourcecode.swift; path = NetworkLayer.swift; sourceTree = "<group>"; };
		F2FCD1712B069DA8008340DA /* RequestProtocol.swift */ = {isa = PBXFileReference; lastKnownFileType = sourcecode.swift; path = RequestProtocol.swift; sourceTree = "<group>"; };
		F2FCD1732B069DDE008340DA /* APIManagerProtocol.swift */ = {isa = PBXFileReference; lastKnownFileType = sourcecode.swift; path = APIManagerProtocol.swift; sourceTree = "<group>"; };
		F2FCD1752B069F73008340DA /* RequestManager.swift */ = {isa = PBXFileReference; lastKnownFileType = sourcecode.swift; path = RequestManager.swift; sourceTree = "<group>"; };
/* End PBXFileReference section */

/* Begin PBXFrameworksBuildPhase section */
		F2B88DD62B0693DC00729AB7 /* Frameworks */ = {
			isa = PBXFrameworksBuildPhase;
			buildActionMask = 2147483647;
			files = (
				F23C9D252B3B16E70007CE34 /* ComposableArchitecture in Frameworks */,
			);
			runOnlyForDeploymentPostprocessing = 0;
		};
		F2B88DEC2B0693E100729AB7 /* Frameworks */ = {
			isa = PBXFrameworksBuildPhase;
			buildActionMask = 2147483647;
			files = (
			);
			runOnlyForDeploymentPostprocessing = 0;
		};
		F2B88DF62B0693E100729AB7 /* Frameworks */ = {
			isa = PBXFrameworksBuildPhase;
			buildActionMask = 2147483647;
			files = (
			);
			runOnlyForDeploymentPostprocessing = 0;
		};
/* End PBXFrameworksBuildPhase section */

/* Begin PBXGroup section */
		F23C9D172B3AEB740007CE34 /* NewsStories */ = {
			isa = PBXGroup;
			children = (
				F23C9D182B3AEB9E0007CE34 /* NewsStory.swift */,
				F23C9D1C2B3AEC4F0007CE34 /* NewsStoriesView.swift */,
				F23C9D212B3B136C0007CE34 /* NewsStoriesHostingViewController.swift */,
			);
			path = NewsStories;
			sourceTree = "<group>";
		};
		F2B88DD02B0693DC00729AB7 = {
			isa = PBXGroup;
			children = (
				F2B88DDB2B0693DC00729AB7 /* god_project */,
				F2B88DF22B0693E100729AB7 /* god_projectTests */,
				F2B88DFC2B0693E100729AB7 /* god_projectUITests */,
				F2B88DDA2B0693DC00729AB7 /* Products */,
			);
			sourceTree = "<group>";
		};
		F2B88DDA2B0693DC00729AB7 /* Products */ = {
			isa = PBXGroup;
			children = (
				F2B88DD92B0693DC00729AB7 /* god_project.app */,
				F2B88DEF2B0693E100729AB7 /* god_projectTests.xctest */,
				F2B88DF92B0693E100729AB7 /* god_projectUITests.xctest */,
			);
			name = Products;
			sourceTree = "<group>";
		};
		F2B88DDB2B0693DC00729AB7 /* god_project */ = {
			isa = PBXGroup;
			children = (
				F2B88DDC2B0693DC00729AB7 /* AppDelegate.swift */,
				F2B88DDE2B0693DC00729AB7 /* SceneDelegate.swift */,
				F23C9D172B3AEB740007CE34 /* NewsStories */,
				F2B88E0C2B0693FE00729AB7 /* Network */,
				F2B88DE22B0693DC00729AB7 /* Main.storyboard */,
				F2B88DE52B0693E100729AB7 /* Assets.xcassets */,
				F2B88DE72B0693E100729AB7 /* LaunchScreen.storyboard */,
				F2B88DEA2B0693E100729AB7 /* Info.plist */,
			);
			path = god_project;
			sourceTree = "<group>";
		};
		F2B88DF22B0693E100729AB7 /* god_projectTests */ = {
			isa = PBXGroup;
			children = (
				F2B88DF32B0693E100729AB7 /* god_projectTests.swift */,
			);
			path = god_projectTests;
			sourceTree = "<group>";
		};
		F2B88DFC2B0693E100729AB7 /* god_projectUITests */ = {
			isa = PBXGroup;
			children = (
				F2B88DFD2B0693E100729AB7 /* god_projectUITests.swift */,
				F2B88DFF2B0693E100729AB7 /* god_projectUITestsLaunchTests.swift */,
			);
			path = god_projectUITests;
			sourceTree = "<group>";
		};
		F2B88E0C2B0693FE00729AB7 /* Network */ = {
			isa = PBXGroup;
			children = (
				F2B88E0D2B06940B00729AB7 /* NetworkLayer.swift */,
				F2FCD1712B069DA8008340DA /* RequestProtocol.swift */,
				F2FCD1732B069DDE008340DA /* APIManagerProtocol.swift */,
				F2FCD1752B069F73008340DA /* RequestManager.swift */,
			);
			path = Network;
			sourceTree = "<group>";
		};
/* End PBXGroup section */

/* Begin PBXNativeTarget section */
		F2B88DD82B0693DC00729AB7 /* god_project */ = {
			isa = PBXNativeTarget;
			buildConfigurationList = F2B88E032B0693E100729AB7 /* Build configuration list for PBXNativeTarget "god_project" */;
			buildPhases = (
				F2B88DD52B0693DC00729AB7 /* Sources */,
				F2B88DD62B0693DC00729AB7 /* Frameworks */,
				F2B88DD72B0693DC00729AB7 /* Resources */,
			);
			buildRules = (
			);
			dependencies = (
			);
			name = god_project;
			packageProductDependencies = (
				F23C9D242B3B16E70007CE34 /* ComposableArchitecture */,
			);
			productName = god_project;
			productReference = F2B88DD92B0693DC00729AB7 /* god_project.app */;
			productType = "com.apple.product-type.application";
		};
		F2B88DEE2B0693E100729AB7 /* god_projectTests */ = {
			isa = PBXNativeTarget;
			buildConfigurationList = F2B88E062B0693E100729AB7 /* Build configuration list for PBXNativeTarget "god_projectTests" */;
			buildPhases = (
				F2B88DEB2B0693E100729AB7 /* Sources */,
				F2B88DEC2B0693E100729AB7 /* Frameworks */,
				F2B88DED2B0693E100729AB7 /* Resources */,
			);
			buildRules = (
			);
			dependencies = (
				F2B88DF12B0693E100729AB7 /* PBXTargetDependency */,
			);
			name = god_projectTests;
			productName = god_projectTests;
			productReference = F2B88DEF2B0693E100729AB7 /* god_projectTests.xctest */;
			productType = "com.apple.product-type.bundle.unit-test";
		};
		F2B88DF82B0693E100729AB7 /* god_projectUITests */ = {
			isa = PBXNativeTarget;
			buildConfigurationList = F2B88E092B0693E100729AB7 /* Build configuration list for PBXNativeTarget "god_projectUITests" */;
			buildPhases = (
				F2B88DF52B0693E100729AB7 /* Sources */,
				F2B88DF62B0693E100729AB7 /* Frameworks */,
				F2B88DF72B0693E100729AB7 /* Resources */,
			);
			buildRules = (
			);
			dependencies = (
				F2B88DFB2B0693E100729AB7 /* PBXTargetDependency */,
			);
			name = god_projectUITests;
			productName = god_projectUITests;
			productReference = F2B88DF92B0693E100729AB7 /* god_projectUITests.xctest */;
			productType = "com.apple.product-type.bundle.ui-testing";
		};
/* End PBXNativeTarget section */

/* Begin PBXProject section */
		F2B88DD12B0693DC00729AB7 /* Project object */ = {
			isa = PBXProject;
			attributes = {
				BuildIndependentTargetsInParallel = 1;
				LastSwiftUpdateCheck = 1500;
				LastUpgradeCheck = 1500;
				TargetAttributes = {
					F2B88DD82B0693DC00729AB7 = {
						CreatedOnToolsVersion = 15.0;
					};
					F2B88DEE2B0693E100729AB7 = {
						CreatedOnToolsVersion = 15.0;
						TestTargetID = F2B88DD82B0693DC00729AB7;
					};
					F2B88DF82B0693E100729AB7 = {
						CreatedOnToolsVersion = 15.0;
						TestTargetID = F2B88DD82B0693DC00729AB7;
					};
				};
			};
			buildConfigurationList = F2B88DD42B0693DC00729AB7 /* Build configuration list for PBXProject "god_project" */;
			compatibilityVersion = "Xcode 14.0";
			developmentRegion = en;
			hasScannedForEncodings = 0;
			knownRegions = (
				en,
				Base,
			);
			mainGroup = F2B88DD02B0693DC00729AB7;
			packageReferences = (
				F23C9D232B3B16E70007CE34 /* XCRemoteSwiftPackageReference "swift-composable-architecture" */,
			);
			productRefGroup = F2B88DDA2B0693DC00729AB7 /* Products */;
			projectDirPath = "";
			projectRoot = "";
			targets = (
				F2B88DD82B0693DC00729AB7 /* god_project */,
				F2B88DEE2B0693E100729AB7 /* god_projectTests */,
				F2B88DF82B0693E100729AB7 /* god_projectUITests */,
			);
		};
/* End PBXProject section */

/* Begin PBXResourcesBuildPhase section */
		F2B88DD72B0693DC00729AB7 /* Resources */ = {
			isa = PBXResourcesBuildPhase;
			buildActionMask = 2147483647;
			files = (
				F2B88DE92B0693E100729AB7 /* LaunchScreen.storyboard in Resources */,
				F2B88DE62B0693E100729AB7 /* Assets.xcassets in Resources */,
				F2B88DE42B0693DC00729AB7 /* Main.storyboard in Resources */,
			);
			runOnlyForDeploymentPostprocessing = 0;
		};
		F2B88DED2B0693E100729AB7 /* Resources */ = {
			isa = PBXResourcesBuildPhase;
			buildActionMask = 2147483647;
			files = (
			);
			runOnlyForDeploymentPostprocessing = 0;
		};
		F2B88DF72B0693E100729AB7 /* Resources */ = {
			isa = PBXResourcesBuildPhase;
			buildActionMask = 2147483647;
			files = (
			);
			runOnlyForDeploymentPostprocessing = 0;
		};
/* End PBXResourcesBuildPhase section */

/* Begin PBXSourcesBuildPhase section */
		F2B88DD52B0693DC00729AB7 /* Sources */ = {
			isa = PBXSourcesBuildPhase;
			buildActionMask = 2147483647;
			files = (
				F23C9D192B3AEB9E0007CE34 /* NewsStory.swift in Sources */,
				F2B88E0E2B06940B00729AB7 /* NetworkLayer.swift in Sources */,
				F23C9D222B3B136C0007CE34 /* NewsStoriesHostingViewController.swift in Sources */,
				F2B88DDD2B0693DC00729AB7 /* AppDelegate.swift in Sources */,
				F2B88DDF2B0693DC00729AB7 /* SceneDelegate.swift in Sources */,
				F2FCD1762B069F73008340DA /* RequestManager.swift in Sources */,
				F2FCD1742B069DDE008340DA /* APIManagerProtocol.swift in Sources */,
				F23C9D1D2B3AEC4F0007CE34 /* NewsStoriesView.swift in Sources */,
				F2FCD1722B069DA8008340DA /* RequestProtocol.swift in Sources */,
			);
			runOnlyForDeploymentPostprocessing = 0;
		};
		F2B88DEB2B0693E100729AB7 /* Sources */ = {
			isa = PBXSourcesBuildPhase;
			buildActionMask = 2147483647;
			files = (
				F2B88DF42B0693E100729AB7 /* god_projectTests.swift in Sources */,
			);
			runOnlyForDeploymentPostprocessing = 0;
		};
		F2B88DF52B0693E100729AB7 /* Sources */ = {
			isa = PBXSourcesBuildPhase;
			buildActionMask = 2147483647;
			files = (
				F2B88DFE2B0693E100729AB7 /* god_projectUITests.swift in Sources */,
				F2B88E002B0693E100729AB7 /* god_projectUITestsLaunchTests.swift in Sources */,
			);
			runOnlyForDeploymentPostprocessing = 0;
		};
/* End PBXSourcesBuildPhase section */

/* Begin PBXTargetDependency section */
		F2B88DF12B0693E100729AB7 /* PBXTargetDependency */ = {
			isa = PBXTargetDependency;
			target = F2B88DD82B0693DC00729AB7 /* god_project */;
			targetProxy = F2B88DF02B0693E100729AB7 /* PBXContainerItemProxy */;
		};
		F2B88DFB2B0693E100729AB7 /* PBXTargetDependency */ = {
			isa = PBXTargetDependency;
			target = F2B88DD82B0693DC00729AB7 /* god_project */;
			targetProxy = F2B88DFA2B0693E100729AB7 /* PBXContainerItemProxy */;
		};
/* End PBXTargetDependency section */

/* Begin PBXVariantGroup section */
		F2B88DE22B0693DC00729AB7 /* Main.storyboard */ = {
			isa = PBXVariantGroup;
			children = (
				F2B88DE32B0693DC00729AB7 /* Base */,
			);
			name = Main.storyboard;
			sourceTree = "<group>";
		};
		F2B88DE72B0693E100729AB7 /* LaunchScreen.storyboard */ = {
			isa = PBXVariantGroup;
			children = (
				F2B88DE82B0693E100729AB7 /* Base */,
			);
			name = LaunchScreen.storyboard;
			sourceTree = "<group>";
		};
/* End PBXVariantGroup section */

/* Begin XCBuildConfiguration section */
		F2B88E012B0693E100729AB7 /* Debug */ = {
			isa = XCBuildConfiguration;
			buildSettings = {
				ALWAYS_SEARCH_USER_PATHS = NO;
				ASSETCATALOG_COMPILER_GENERATE_SWIFT_ASSET_SYMBOL_EXTENSIONS = YES;
				CLANG_ANALYZER_NONNULL = YES;
				CLANG_ANALYZER_NUMBER_OBJECT_CONVERSION = YES_AGGRESSIVE;
				CLANG_CXX_LANGUAGE_STANDARD = "gnu++20";
				CLANG_ENABLE_MODULES = YES;
				CLANG_ENABLE_OBJC_ARC = YES;
				CLANG_ENABLE_OBJC_WEAK = YES;
				CLANG_WARN_BLOCK_CAPTURE_AUTORELEASING = YES;
				CLANG_WARN_BOOL_CONVERSION = YES;
				CLANG_WARN_COMMA = YES;
				CLANG_WARN_CONSTANT_CONVERSION = YES;
				CLANG_WARN_DEPRECATED_OBJC_IMPLEMENTATIONS = YES;
				CLANG_WARN_DIRECT_OBJC_ISA_USAGE = YES_ERROR;
				CLANG_WARN_DOCUMENTATION_COMMENTS = YES;
				CLANG_WARN_EMPTY_BODY = YES;
				CLANG_WARN_ENUM_CONVERSION = YES;
				CLANG_WARN_INFINITE_RECURSION = YES;
				CLANG_WARN_INT_CONVERSION = YES;
				CLANG_WARN_NON_LITERAL_NULL_CONVERSION = YES;
				CLANG_WARN_OBJC_IMPLICIT_RETAIN_SELF = YES;
				CLANG_WARN_OBJC_LITERAL_CONVERSION = YES;
				CLANG_WARN_OBJC_ROOT_CLASS = YES_ERROR;
				CLANG_WARN_QUOTED_INCLUDE_IN_FRAMEWORK_HEADER = YES;
				CLANG_WARN_RANGE_LOOP_ANALYSIS = YES;
				CLANG_WARN_STRICT_PROTOTYPES = YES;
				CLANG_WARN_SUSPICIOUS_MOVE = YES;
				CLANG_WARN_UNGUARDED_AVAILABILITY = YES_AGGRESSIVE;
				CLANG_WARN_UNREACHABLE_CODE = YES;
				CLANG_WARN__DUPLICATE_METHOD_MATCH = YES;
				COPY_PHASE_STRIP = NO;
				DEBUG_INFORMATION_FORMAT = dwarf;
				ENABLE_STRICT_OBJC_MSGSEND = YES;
				ENABLE_TESTABILITY = YES;
				ENABLE_USER_SCRIPT_SANDBOXING = YES;
				GCC_C_LANGUAGE_STANDARD = gnu17;
				GCC_DYNAMIC_NO_PIC = NO;
				GCC_NO_COMMON_BLOCKS = YES;
				GCC_OPTIMIZATION_LEVEL = 0;
				GCC_PREPROCESSOR_DEFINITIONS = (
					"DEBUG=1",
					"$(inherited)",
				);
				GCC_WARN_64_TO_32_BIT_CONVERSION = YES;
				GCC_WARN_ABOUT_RETURN_TYPE = YES_ERROR;
				GCC_WARN_UNDECLARED_SELECTOR = YES;
				GCC_WARN_UNINITIALIZED_AUTOS = YES_AGGRESSIVE;
				GCC_WARN_UNUSED_FUNCTION = YES;
				GCC_WARN_UNUSED_VARIABLE = YES;
				IPHONEOS_DEPLOYMENT_TARGET = 17.0;
				LOCALIZATION_PREFERS_STRING_CATALOGS = YES;
				MTL_ENABLE_DEBUG_INFO = INCLUDE_SOURCE;
				MTL_FAST_MATH = YES;
				ONLY_ACTIVE_ARCH = YES;
				SDKROOT = iphoneos;
				SWIFT_ACTIVE_COMPILATION_CONDITIONS = "DEBUG $(inherited)";
				SWIFT_OPTIMIZATION_LEVEL = "-Onone";
			};
			name = Debug;
		};
		F2B88E022B0693E100729AB7 /* Release */ = {
			isa = XCBuildConfiguration;
			buildSettings = {
				ALWAYS_SEARCH_USER_PATHS = NO;
				ASSETCATALOG_COMPILER_GENERATE_SWIFT_ASSET_SYMBOL_EXTENSIONS = YES;
				CLANG_ANALYZER_NONNULL = YES;
				CLANG_ANALYZER_NUMBER_OBJECT_CONVERSION = YES_AGGRESSIVE;
				CLANG_CXX_LANGUAGE_STANDARD = "gnu++20";
				CLANG_ENABLE_MODULES = YES;
				CLANG_ENABLE_OBJC_ARC = YES;
				CLANG_ENABLE_OBJC_WEAK = YES;
				CLANG_WARN_BLOCK_CAPTURE_AUTORELEASING = YES;
				CLANG_WARN_BOOL_CONVERSION = YES;
				CLANG_WARN_COMMA = YES;
				CLANG_WARN_CONSTANT_CONVERSION = YES;
				CLANG_WARN_DEPRECATED_OBJC_IMPLEMENTATIONS = YES;
				CLANG_WARN_DIRECT_OBJC_ISA_USAGE = YES_ERROR;
				CLANG_WARN_DOCUMENTATION_COMMENTS = YES;
				CLANG_WARN_EMPTY_BODY = YES;
				CLANG_WARN_ENUM_CONVERSION = YES;
				CLANG_WARN_INFINITE_RECURSION = YES;
				CLANG_WARN_INT_CONVERSION = YES;
				CLANG_WARN_NON_LITERAL_NULL_CONVERSION = YES;
				CLANG_WARN_OBJC_IMPLICIT_RETAIN_SELF = YES;
				CLANG_WARN_OBJC_LITERAL_CONVERSION = YES;
				CLANG_WARN_OBJC_ROOT_CLASS = YES_ERROR;
				CLANG_WARN_QUOTED_INCLUDE_IN_FRAMEWORK_HEADER = YES;
				CLANG_WARN_RANGE_LOOP_ANALYSIS = YES;
				CLANG_WARN_STRICT_PROTOTYPES = YES;
				CLANG_WARN_SUSPICIOUS_MOVE = YES;
				CLANG_WARN_UNGUARDED_AVAILABILITY = YES_AGGRESSIVE;
				CLANG_WARN_UNREACHABLE_CODE = YES;
				CLANG_WARN__DUPLICATE_METHOD_MATCH = YES;
				COPY_PHASE_STRIP = NO;
				DEBUG_INFORMATION_FORMAT = "dwarf-with-dsym";
				ENABLE_NS_ASSERTIONS = NO;
				ENABLE_STRICT_OBJC_MSGSEND = YES;
				ENABLE_USER_SCRIPT_SANDBOXING = YES;
				GCC_C_LANGUAGE_STANDARD = gnu17;
				GCC_NO_COMMON_BLOCKS = YES;
				GCC_WARN_64_TO_32_BIT_CONVERSION = YES;
				GCC_WARN_ABOUT_RETURN_TYPE = YES_ERROR;
				GCC_WARN_UNDECLARED_SELECTOR = YES;
				GCC_WARN_UNINITIALIZED_AUTOS = YES_AGGRESSIVE;
				GCC_WARN_UNUSED_FUNCTION = YES;
				GCC_WARN_UNUSED_VARIABLE = YES;
				IPHONEOS_DEPLOYMENT_TARGET = 17.0;
				LOCALIZATION_PREFERS_STRING_CATALOGS = YES;
				MTL_ENABLE_DEBUG_INFO = NO;
				MTL_FAST_MATH = YES;
				SDKROOT = iphoneos;
				SWIFT_COMPILATION_MODE = wholemodule;
				VALIDATE_PRODUCT = YES;
			};
			name = Release;
		};
		F2B88E042B0693E100729AB7 /* Debug */ = {
			isa = XCBuildConfiguration;
			buildSettings = {
				ASSETCATALOG_COMPILER_APPICON_NAME = AppIcon;
				ASSETCATALOG_COMPILER_GLOBAL_ACCENT_COLOR_NAME = AccentColor;
				CODE_SIGN_STYLE = Automatic;
				CURRENT_PROJECT_VERSION = 1;
				GENERATE_INFOPLIST_FILE = YES;
				INFOPLIST_FILE = god_project/Info.plist;
				INFOPLIST_KEY_UIApplicationSupportsIndirectInputEvents = YES;
				INFOPLIST_KEY_UILaunchStoryboardName = LaunchScreen;
				INFOPLIST_KEY_UIMainStoryboardFile = Main;
				INFOPLIST_KEY_UISupportedInterfaceOrientations_iPad = "UIInterfaceOrientationPortrait UIInterfaceOrientationPortraitUpsideDown UIInterfaceOrientationLandscapeLeft UIInterfaceOrientationLandscapeRight";
				INFOPLIST_KEY_UISupportedInterfaceOrientations_iPhone = "UIInterfaceOrientationPortrait UIInterfaceOrientationLandscapeLeft UIInterfaceOrientationLandscapeRight";
				LD_RUNPATH_SEARCH_PATHS = (
					"$(inherited)",
					"@executable_path/Frameworks",
				);
				MARKETING_VERSION = 1.0;
				PRODUCT_BUNDLE_IDENTIFIER = "com.thunder.god-project";
				PRODUCT_NAME = "$(TARGET_NAME)";
				SWIFT_EMIT_LOC_STRINGS = YES;
				SWIFT_VERSION = 5.0;
				TARGETED_DEVICE_FAMILY = "1,2";
			};
			name = Debug;
		};
		F2B88E052B0693E100729AB7 /* Release */ = {
			isa = XCBuildConfiguration;
			buildSettings = {
				ASSETCATALOG_COMPILER_APPICON_NAME = AppIcon;
				ASSETCATALOG_COMPILER_GLOBAL_ACCENT_COLOR_NAME = AccentColor;
				CODE_SIGN_STYLE = Automatic;
				CURRENT_PROJECT_VERSION = 1;
				GENERATE_INFOPLIST_FILE = YES;
				INFOPLIST_FILE = god_project/Info.plist;
				INFOPLIST_KEY_UIApplicationSupportsIndirectInputEvents = YES;
				INFOPLIST_KEY_UILaunchStoryboardName = LaunchScreen;
				INFOPLIST_KEY_UIMainStoryboardFile = Main;
				INFOPLIST_KEY_UISupportedInterfaceOrientations_iPad = "UIInterfaceOrientationPortrait UIInterfaceOrientationPortraitUpsideDown UIInterfaceOrientationLandscapeLeft UIInterfaceOrientationLandscapeRight";
				INFOPLIST_KEY_UISupportedInterfaceOrientations_iPhone = "UIInterfaceOrientationPortrait UIInterfaceOrientationLandscapeLeft UIInterfaceOrientationLandscapeRight";
				LD_RUNPATH_SEARCH_PATHS = (
					"$(inherited)",
					"@executable_path/Frameworks",
				);
				MARKETING_VERSION = 1.0;
				PRODUCT_BUNDLE_IDENTIFIER = "com.thunder.god-project";
				PRODUCT_NAME = "$(TARGET_NAME)";
				SWIFT_EMIT_LOC_STRINGS = YES;
				SWIFT_VERSION = 5.0;
				TARGETED_DEVICE_FAMILY = "1,2";
			};
			name = Release;
		};
		F2B88E072B0693E100729AB7 /* Debug */ = {
			isa = XCBuildConfiguration;
			buildSettings = {
				ALWAYS_EMBED_SWIFT_STANDARD_LIBRARIES = YES;
				BUNDLE_LOADER = "$(TEST_HOST)";
				CODE_SIGN_STYLE = Automatic;
				CURRENT_PROJECT_VERSION = 1;
				GENERATE_INFOPLIST_FILE = YES;
				IPHONEOS_DEPLOYMENT_TARGET = 17.0;
				MARKETING_VERSION = 1.0;
				PRODUCT_BUNDLE_IDENTIFIER = "com.thunder.god-projectTests";
				PRODUCT_NAME = "$(TARGET_NAME)";
				SWIFT_EMIT_LOC_STRINGS = NO;
				SWIFT_VERSION = 5.0;
				TARGETED_DEVICE_FAMILY = "1,2";
				TEST_HOST = "$(BUILT_PRODUCTS_DIR)/god_project.app/$(BUNDLE_EXECUTABLE_FOLDER_PATH)/god_project";
			};
			name = Debug;
		};
		F2B88E082B0693E100729AB7 /* Release */ = {
			isa = XCBuildConfiguration;
			buildSettings = {
				ALWAYS_EMBED_SWIFT_STANDARD_LIBRARIES = YES;
				BUNDLE_LOADER = "$(TEST_HOST)";
				CODE_SIGN_STYLE = Automatic;
				CURRENT_PROJECT_VERSION = 1;
				GENERATE_INFOPLIST_FILE = YES;
				IPHONEOS_DEPLOYMENT_TARGET = 17.0;
				MARKETING_VERSION = 1.0;
				PRODUCT_BUNDLE_IDENTIFIER = "com.thunder.god-projectTests";
				PRODUCT_NAME = "$(TARGET_NAME)";
				SWIFT_EMIT_LOC_STRINGS = NO;
				SWIFT_VERSION = 5.0;
				TARGETED_DEVICE_FAMILY = "1,2";
				TEST_HOST = "$(BUILT_PRODUCTS_DIR)/god_project.app/$(BUNDLE_EXECUTABLE_FOLDER_PATH)/god_project";
			};
			name = Release;
		};
		F2B88E0A2B0693E100729AB7 /* Debug */ = {
			isa = XCBuildConfiguration;
			buildSettings = {
				ALWAYS_EMBED_SWIFT_STANDARD_LIBRARIES = YES;
				CODE_SIGN_STYLE = Automatic;
				CURRENT_PROJECT_VERSION = 1;
				GENERATE_INFOPLIST_FILE = YES;
				MARKETING_VERSION = 1.0;
				PRODUCT_BUNDLE_IDENTIFIER = "com.thunder.god-projectUITests";
				PRODUCT_NAME = "$(TARGET_NAME)";
				SWIFT_EMIT_LOC_STRINGS = NO;
				SWIFT_VERSION = 5.0;
				TARGETED_DEVICE_FAMILY = "1,2";
				TEST_TARGET_NAME = god_project;
			};
			name = Debug;
		};
		F2B88E0B2B0693E100729AB7 /* Release */ = {
			isa = XCBuildConfiguration;
			buildSettings = {
				ALWAYS_EMBED_SWIFT_STANDARD_LIBRARIES = YES;
				CODE_SIGN_STYLE = Automatic;
				CURRENT_PROJECT_VERSION = 1;
				GENERATE_INFOPLIST_FILE = YES;
				MARKETING_VERSION = 1.0;
				PRODUCT_BUNDLE_IDENTIFIER = "com.thunder.god-projectUITests";
				PRODUCT_NAME = "$(TARGET_NAME)";
				SWIFT_EMIT_LOC_STRINGS = NO;
				SWIFT_VERSION = 5.0;
				TARGETED_DEVICE_FAMILY = "1,2";
				TEST_TARGET_NAME = god_project;
			};
			name = Release;
		};
/* End XCBuildConfiguration section */

/* Begin XCConfigurationList section */
		F2B88DD42B0693DC00729AB7 /* Build configuration list for PBXProject "god_project" */ = {
			isa = XCConfigurationList;
			buildConfigurations = (
				F2B88E012B0693E100729AB7 /* Debug */,
				F2B88E022B0693E100729AB7 /* Release */,
			);
			defaultConfigurationIsVisible = 0;
			defaultConfigurationName = Release;
		};
		F2B88E032B0693E100729AB7 /* Build configuration list for PBXNativeTarget "god_project" */ = {
			isa = XCConfigurationList;
			buildConfigurations = (
				F2B88E042B0693E100729AB7 /* Debug */,
				F2B88E052B0693E100729AB7 /* Release */,
			);
			defaultConfigurationIsVisible = 0;
			defaultConfigurationName = Release;
		};
		F2B88E062B0693E100729AB7 /* Build configuration list for PBXNativeTarget "god_projectTests" */ = {
			isa = XCConfigurationList;
			buildConfigurations = (
				F2B88E072B0693E100729AB7 /* Debug */,
				F2B88E082B0693E100729AB7 /* Release */,
			);
			defaultConfigurationIsVisible = 0;
			defaultConfigurationName = Release;
		};
		F2B88E092B0693E100729AB7 /* Build configuration list for PBXNativeTarget "god_projectUITests" */ = {
			isa = XCConfigurationList;
			buildConfigurations = (
				F2B88E0A2B0693E100729AB7 /* Debug */,
				F2B88E0B2B0693E100729AB7 /* Release */,
			);
			defaultConfigurationIsVisible = 0;
			defaultConfigurationName = Release;
		};
/* End XCConfigurationList section */

/* Begin XCRemoteSwiftPackageReference section */
		F23C9D232B3B16E70007CE34 /* XCRemoteSwiftPackageReference "swift-composable-architecture" */ = {
			isa = XCRemoteSwiftPackageReference;
			repositoryURL = "https://github.com/pointfreeco/swift-composable-architecture";
			requirement = {
				kind = upToNextMajorVersion;
				minimumVersion = 1.5.6;
			};
		};
/* End XCRemoteSwiftPackageReference section */

/* Begin XCSwiftPackageProductDependency section */
		F23C9D242B3B16E70007CE34 /* ComposableArchitecture */ = {
			isa = XCSwiftPackageProductDependency;
			package = F23C9D232B3B16E70007CE34 /* XCRemoteSwiftPackageReference "swift-composable-architecture" */;
			productName = ComposableArchitecture;
		};
/* End XCSwiftPackageProductDependency section */
	};
	rootObject = F2B88DD12B0693DC00729AB7 /* Project object */;
}
